
Microsoft Visual Studio Solution File, Format Version 12.00
# Visual Studio Version 17
VisualStudioVersion = 17.3.32929.385
MinimumVisualStudioVersion = 10.0.40219.1
Project("{FAE04EC0-301F-11D3-BF4B-00C04F79EFBC}") = "Rebar", "Rebar\Rebar.csproj", "{3D7E1A24-E3BD-4FFF-B726-61A69C94D88B}"
EndProject
Global
	GlobalSection(SolutionConfigurationPlatforms) = preSolution
		Debug|Any CPU = Debug|Any CPU
		Release|Any CPU = Release|Any CPU
	EndGlobalSection
	GlobalSection(ProjectConfigurationPlatforms) = postSolution
		{3D7E1A24-E3BD-4FFF-B726-61A69C94D88B}.Debug|Any CPU.ActiveCfg = Debug|Any CPU
		{3D7E1A24-E3BD-4FFF-B726-61A69C94D88B}.Debug|Any CPU.Build.0 = Debug|Any CPU
		{3D7E1A24-E3BD-4FFF-B726-61A69C94D88B}.Release|Any CPU.ActiveCfg = Release|Any CPU
		{3D7E1A24-E3BD-4FFF-B726-61A69C94D88B}.Release|Any CPU.Build.0 = Release|Any CPU
	EndGlobalSection
	GlobalSection(SolutionProperties) = preSolution
		HideSolutionNode = FALSE
	EndGlobalSection
	GlobalSection(ExtensibilityGlobals) = postSolution
		SolutionGuid = {F2F233F3-4CD8-4DE2-83AF-301D1721D580}
	EndGlobalSection
EndGlobal
